<?xml version="1.0" encoding="utf-8"?>
<Project ToolsVersion="4.0" xmlns="http://schemas.microsoft.com/developer/msbuild/2003">
  <ItemGroup>
    <Filter Include="Source Files">
      <UniqueIdentifier>{4FC737F1-C7A5-4376-A066-2A32D752A2FF}</UniqueIdentifier>
      <Extensions>cpp;c;cc;cxx;c++;cppm;ixx;def;odl;idl;hpj;bat;asm;asmx</Extensions>
    </Filter>
    <Filter Include="Header Files">
      <UniqueIdentifier>{93995380-89BD-4b04-88EB-625FBE52EBFB}</UniqueIdentifier>
      <Extensions>h;hh;hpp;hxx;h++;hm;inl;inc;ipp;xsd</Extensions>
    </Filter>
    <Filter Include="Resource Files">
      <UniqueIdentifier>{67DA6AB6-F800-4c08-8B7A-83BB121AAD01}</UniqueIdentifier>
      <Extensions>rc;ico;cur;bmp;dlg;rc2;rct;bin;rgs;gif;jpg;jpeg;jpe;resx;tiff;tif;png;wav;mfcribbon-ms</Extensions>
    </Filter>
    <Filter Include="Source Files\Screen Output">
      <UniqueIdentifier>{81780cde-44df-4c69-b4e8-fabc0e77fac3}</UniqueIdentifier>
    </Filter>
    <Filter Include="Header Files\Screen Output">
      <UniqueIdentifier>{536e13ce-943a-497b-b4e0-733f37a03258}</UniqueIdentifier>
    </Filter>
    <Filter Include="Source Files\Logic">
      <UniqueIdentifier>{e3d0c8f1-10c4-41b3-b426-e45ffb2c217e}</UniqueIdentifier>
    </Filter>
    <Filter Include="Header Files\Logic">
      <UniqueIdentifier>{da809b75-2586-434e-9739-680cc22d4872}</UniqueIdentifier>
    </Filter>
    <Filter Include="Header Files\Logic\Physics">
      <UniqueIdentifier>{d5eadf84-c113-460b-93f9-a1f1fede3cad}</UniqueIdentifier>
    </Filter>
    <Filter Include="Source Files\Logic\Physics">
      <UniqueIdentifier>{9e48f833-9cbe-4c9e-90d6-79f76cdb6526}</UniqueIdentifier>
    </Filter>
  </ItemGroup>
  <ItemGroup>
    <ClCompile Include="main.cpp">
      <Filter>Source Files</Filter>
    </ClCompile>
    <ClCompile Include="ScreenWindow.cpp">
      <Filter>Source Files\Screen Output</Filter>
    </ClCompile>
    <ClCompile Include="UI.cpp">
      <Filter>Source Files\Screen Output</Filter>
    </ClCompile>
    <ClCompile Include="Vector.cpp">
      <Filter>Source Files\Logic</Filter>
    </ClCompile>
    <ClCompile Include="Body.cpp">
      <Filter>Source Files\Logic\Physics</Filter>
    </ClCompile>
    <ClCompile Include="Shapes.cpp">
      <Filter>Source Files\Logic\Physics</Filter>
    </ClCompile>
    <ClCompile Include="Transform.cpp">
      <Filter>Source Files\Logic</Filter>
    </ClCompile>
    <ClCompile Include="World.cpp">
      <Filter>Source Files\Logic</Filter>
    </ClCompile>
  </ItemGroup>
  <ItemGroup>
    <ClInclude Include="ScreenWindow.h">
      <Filter>Header Files\Screen Output</Filter>
    </ClInclude>
    <ClInclude Include="UI.h">
      <Filter>Header Files\Screen Output</Filter>
    </ClInclude>
    <ClInclude Include="Constants.h">
      <Filter>Header Files</Filter>
    </ClInclude>
    <ClInclude Include="Body.h">
      <Filter>Header Files\Logic\Physics</Filter>
    </ClInclude>
    <ClInclude Include="Shapes.h">
      <Filter>Header Files\Logic\Physics</Filter>
    </ClInclude>
    <ClInclude Include="Mass.h">
      <Filter>Header Files\Logic</Filter>
    </ClInclude>
    <ClInclude Include="World.h">
      <Filter>Header Files\Logic</Filter>
    </ClInclude>
    <ClInclude Include="Vector.h">
      <Filter>Header Files\Logic</Filter>
    </ClInclude>
    <ClInclude Include="Transform.h">
      <Filter>Header Files\Logic</Filter>
    </ClInclude>
  </ItemGroup>
</Project>